// !$*UTF8*$!
{
	archiveVersion = 1;
	classes = {
	};
	objectVersion = 50;
	objects = {

/* Begin PBXBuildFile section */
		EE2920F723AAAF2F00F6AB84 /* AppDelegate.swift in Sources */ = {isa = PBXBuildFile; fileRef = EE2920F623AAAF2F00F6AB84 /* AppDelegate.swift */; };
		EE2920F923AAAF2F00F6AB84 /* ViewController.swift in Sources */ = {isa = PBXBuildFile; fileRef = EE2920F823AAAF2F00F6AB84 /* ViewController.swift */; };
		EE2920FB23AAAF3000F6AB84 /* Assets.xcassets in Resources */ = {isa = PBXBuildFile; fileRef = EE2920FA23AAAF3000F6AB84 /* Assets.xcassets */; };
		EE2920FE23AAAF3000F6AB84 /* Main.storyboard in Resources */ = {isa = PBXBuildFile; fileRef = EE2920FC23AAAF3000F6AB84 /* Main.storyboard */; };
		EE29210823AAD2BE00F6AB84 /* PomodoroViewController.swift in Sources */ = {isa = PBXBuildFile; fileRef = EE29210623AAD2BE00F6AB84 /* PomodoroViewController.swift */; };
		EE29210923AAD2BE00F6AB84 /* PomodoroViewController.xib in Resources */ = {isa = PBXBuildFile; fileRef = EE29210723AAD2BE00F6AB84 /* PomodoroViewController.xib */; };
		EE29210B23AC4FF200F6AB84 /* windowController.swift in Sources */ = {isa = PBXBuildFile; fileRef = EE29210A23AC4FF200F6AB84 /* windowController.swift */; };
/* End PBXBuildFile section */

/* Begin PBXFileReference section */
		EE2920F323AAAF2F00F6AB84 /* Pomodoro Timer.app */ = {isa = PBXFileReference; explicitFileType = wrapper.application; includeInIndex = 0; path = "Pomodoro Timer.app"; sourceTree = BUILT_PRODUCTS_DIR; };
		EE2920F623AAAF2F00F6AB84 /* AppDelegate.swift */ = {isa = PBXFileReference; lastKnownFileType = sourcecode.swift; path = AppDelegate.swift; sourceTree = "<group>"; };
		EE2920F823AAAF2F00F6AB84 /* ViewController.swift */ = {isa = PBXFileReference; lastKnownFileType = sourcecode.swift; path = ViewController.swift; sourceTree = "<group>"; };
		EE2920FA23AAAF3000F6AB84 /* Assets.xcassets */ = {isa = PBXFileReference; lastKnownFileType = folder.assetcatalog; path = Assets.xcassets; sourceTree = "<group>"; };
		EE2920FD23AAAF3000F6AB84 /* Base */ = {isa = PBXFileReference; lastKnownFileType = file.storyboard; name = Base; path = Base.lproj/Main.storyboard; sourceTree = "<group>"; };
		EE2920FF23AAAF3000F6AB84 /* Info.plist */ = {isa = PBXFileReference; lastKnownFileType = text.plist.xml; path = Info.plist; sourceTree = "<group>"; };
		EE29210023AAAF3000F6AB84 /* Promodo_Timer.entitlements */ = {isa = PBXFileReference; lastKnownFileType = text.plist.entitlements; path = Promodo_Timer.entitlements; sourceTree = "<group>"; };
		EE29210623AAD2BE00F6AB84 /* PomodoroViewController.swift */ = {isa = PBXFileReference; lastKnownFileType = sourcecode.swift; path = PomodoroViewController.swift; sourceTree = "<group>"; };
		EE29210723AAD2BE00F6AB84 /* PomodoroViewController.xib */ = {isa = PBXFileReference; lastKnownFileType = file.xib; path = PomodoroViewController.xib; sourceTree = "<group>"; };
		EE29210A23AC4FF200F6AB84 /* windowController.swift */ = {isa = PBXFileReference; lastKnownFileType = sourcecode.swift; path = windowController.swift; sourceTree = "<group>"; };
/* End PBXFileReference section */

/* Begin PBXFrameworksBuildPhase section */
		EE2920F023AAAF2F00F6AB84 /* Frameworks */ = {
			isa = PBXFrameworksBuildPhase;
			buildActionMask = 2147483647;
			files = (
			);
			runOnlyForDeploymentPostprocessing = 0;
		};
/* End PBXFrameworksBuildPhase section */

/* Begin PBXGroup section */
		EE2920EA23AAAF2F00F6AB84 = {
			isa = PBXGroup;
			children = (
				EE2920F523AAAF2F00F6AB84 /* Promodo Timer */,
				EE2920F423AAAF2F00F6AB84 /* Products */,
			);
			sourceTree = "<group>";
		};
		EE2920F423AAAF2F00F6AB84 /* Products */ = {
			isa = PBXGroup;
			children = (
				EE2920F323AAAF2F00F6AB84 /* Pomodoro Timer.app */,
			);
			name = Products;
			sourceTree = "<group>";
		};
		EE2920F523AAAF2F00F6AB84 /* Promodo Timer */ = {
			isa = PBXGroup;
			children = (
				EE2920FC23AAAF3000F6AB84 /* Main.storyboard */,
				EE29210623AAD2BE00F6AB84 /* PomodoroViewController.swift */,
				EE2920F623AAAF2F00F6AB84 /* AppDelegate.swift */,
				EE29210A23AC4FF200F6AB84 /* windowController.swift */,
				EE29210723AAD2BE00F6AB84 /* PomodoroViewController.xib */,
				EE2920F823AAAF2F00F6AB84 /* ViewController.swift */,
				EE2920FA23AAAF3000F6AB84 /* Assets.xcassets */,
				EE2920FF23AAAF3000F6AB84 /* Info.plist */,
				EE29210023AAAF3000F6AB84 /* Promodo_Timer.entitlements */,
			);
			path = "Promodo Timer";
			sourceTree = "<group>";
		};
/* End PBXGroup section */

/* Begin PBXNativeTarget section */
		EE2920F223AAAF2F00F6AB84 /* Pomodoro Timer */ = {
			isa = PBXNativeTarget;
			buildConfigurationList = EE29210323AAAF3000F6AB84 /* Build configuration list for PBXNativeTarget "Pomodoro Timer" */;
			buildPhases = (
				EE2920EF23AAAF2F00F6AB84 /* Sources */,
				EE2920F023AAAF2F00F6AB84 /* Frameworks */,
				EE2920F123AAAF2F00F6AB84 /* Resources */,
			);
			buildRules = (
			);
			dependencies = (
			);
			name = "Pomodoro Timer";
			productName = "Promodo Timer";
			productReference = EE2920F323AAAF2F00F6AB84 /* Pomodoro Timer.app */;
			productType = "com.apple.product-type.application";
		};
/* End PBXNativeTarget section */

/* Begin PBXProject section */
		EE2920EB23AAAF2F00F6AB84 /* Project object */ = {
			isa = PBXProject;
			attributes = {
				LastSwiftUpdateCheck = 1130;
				LastUpgradeCheck = 1130;
				ORGANIZATIONNAME = "Mert's Macbook";
				TargetAttributes = {
					EE2920F223AAAF2F00F6AB84 = {
						CreatedOnToolsVersion = 11.3;
					};
				};
			};
			buildConfigurationList = EE2920EE23AAAF2F00F6AB84 /* Build configuration list for PBXProject "Pomodoro Timer" */;
			compatibilityVersion = "Xcode 9.3";
			developmentRegion = en;
			hasScannedForEncodings = 0;
			knownRegions = (
				en,
				Base,
			);
			mainGroup = EE2920EA23AAAF2F00F6AB84;
			productRefGroup = EE2920F423AAAF2F00F6AB84 /* Products */;
			projectDirPath = "";
			projectRoot = "";
			targets = (
				EE2920F223AAAF2F00F6AB84 /* Pomodoro Timer */,
			);
		};
/* End PBXProject section */

/* Begin PBXResourcesBuildPhase section */
		EE2920F123AAAF2F00F6AB84 /* Resources */ = {
			isa = PBXResourcesBuildPhase;
			buildActionMask = 2147483647;
			files = (
				EE2920FB23AAAF3000F6AB84 /* Assets.xcassets in Resources */,
				EE2920FE23AAAF3000F6AB84 /* Main.storyboard in Resources */,
				EE29210923AAD2BE00F6AB84 /* PomodoroViewController.xib in Resources */,
			);
			runOnlyForDeploymentPostprocessing = 0;
		};
/* End PBXResourcesBuildPhase section */

/* Begin PBXSourcesBuildPhase section */
		EE2920EF23AAAF2F00F6AB84 /* Sources */ = {
			isa = PBXSourcesBuildPhase;
			buildActionMask = 2147483647;
			files = (
				EE29210823AAD2BE00F6AB84 /* PomodoroViewController.swift in Sources */,
				EE29210B23AC4FF200F6AB84 /* windowController.swift in Sources */,
				EE2920F923AAAF2F00F6AB84 /* ViewController.swift in Sources */,
				EE2920F723AAAF2F00F6AB84 /* AppDelegate.swift in Sources */,
			);
			runOnlyForDeploymentPostprocessing = 0;
		};
/* End PBXSourcesBuildPhase section */

/* Begin PBXVariantGroup section */
		EE2920FC23AAAF3000F6AB84 /* Main.storyboard */ = {
			isa = PBXVariantGroup;
			children = (
				EE2920FD23AAAF3000F6AB84 /* Base */,
			);
			name = Main.storyboard;
			sourceTree = "<group>";
		};
/* End PBXVariantGroup section */

/* Begin XCBuildConfiguration section */
		EE29210123AAAF3000F6AB84 /* Debug */ = {
			isa = XCBuildConfiguration;
			buildSettings = {
				ALWAYS_SEARCH_USER_PATHS = NO;
				CLANG_ANALYZER_NONNULL = YES;
				CLANG_ANALYZER_NUMBER_OBJECT_CONVERSION = YES_AGGRESSIVE;
				CLANG_CXX_LANGUAGE_STANDARD = "gnu++14";
				CLANG_CXX_LIBRARY = "libc++";
				CLANG_ENABLE_MODULES = YES;
				CLANG_ENABLE_OBJC_ARC = YES;
				CLANG_ENABLE_OBJC_WEAK = YES;
				CLANG_WARN_BLOCK_CAPTURE_AUTORELEASING = YES;
				CLANG_WARN_BOOL_CONVERSION = YES;
				CLANG_WARN_COMMA = YES;
				CLANG_WARN_CONSTANT_CONVERSION = YES;
				CLANG_WARN_DEPRECATED_OBJC_IMPLEMENTATIONS = YES;
				CLANG_WARN_DIRECT_OBJC_ISA_USAGE = YES_ERROR;
				CLANG_WARN_DOCUMENTATION_COMMENTS = YES;
				CLANG_WARN_EMPTY_BODY = YES;
				CLANG_WARN_ENUM_CONVERSION = YES;
				CLANG_WARN_INFINITE_RECURSION = YES;
				CLANG_WARN_INT_CONVERSION = YES;
				CLANG_WARN_NON_LITERAL_NULL_CONVERSION = YES;
				CLANG_WARN_OBJC_IMPLICIT_RETAIN_SELF = YES;
				CLANG_WARN_OBJC_LITERAL_CONVERSION = YES;
				CLANG_WARN_OBJC_ROOT_CLASS = YES_ERROR;
				CLANG_WARN_RANGE_LOOP_ANALYSIS = YES;
				CLANG_WARN_STRICT_PROTOTYPES = YES;
				CLANG_WARN_SUSPICIOUS_MOVE = YES;
				CLANG_WARN_UNGUARDED_AVAILABILITY = YES_AGGRESSIVE;
				CLANG_WARN_UNREACHABLE_CODE = YES;
				CLANG_WARN__DUPLICATE_METHOD_MATCH = YES;
				COPY_PHASE_STRIP = NO;
				DEBUG_INFORMATION_FORMAT = dwarf;
				ENABLE_STRICT_OBJC_MSGSEND = YES;
				ENABLE_TESTABILITY = YES;
				GCC_C_LANGUAGE_STANDARD = gnu11;
				GCC_DYNAMIC_NO_PIC = NO;
				GCC_NO_COMMON_BLOCKS = YES;
				GCC_OPTIMIZATION_LEVEL = 0;
				GCC_PREPROCESSOR_DEFINITIONS = (
					"DEBUG=1",
					"$(inherited)",
				);
				GCC_WARN_64_TO_32_BIT_CONVERSION = YES;
				GCC_WARN_ABOUT_RETURN_TYPE = YES_ERROR;
				GCC_WARN_UNDECLARED_SELECTOR = YES;
				GCC_WARN_UNINITIALIZED_AUTOS = YES_AGGRESSIVE;
				GCC_WARN_UNUSED_FUNCTION = YES;
				GCC_WARN_UNUSED_VARIABLE = YES;
				MACOSX_DEPLOYMENT_TARGET = 10.14;
				MTL_ENABLE_DEBUG_INFO = INCLUDE_SOURCE;
				MTL_FAST_MATH = YES;
				ONLY_ACTIVE_ARCH = YES;
				SDKROOT = macosx;
				SWIFT_ACTIVE_COMPILATION_CONDITIONS = DEBUG;
				SWIFT_OPTIMIZATION_LEVEL = "-Onone";
			};
			name = Debug;
		};
		EE29210223AAAF3000F6AB84 /* Release */ = {
			isa = XCBuildConfiguration;
			buildSettings = {
				ALWAYS_SEARCH_USER_PATHS = NO;
				CLANG_ANALYZER_NONNULL = YES;
				CLANG_ANALYZER_NUMBER_OBJECT_CONVERSION = YES_AGGRESSIVE;
				CLANG_CXX_LANGUAGE_STANDARD = "gnu++14";
				CLANG_CXX_LIBRARY = "libc++";
				CLANG_ENABLE_MODULES = YES;
				CLANG_ENABLE_OBJC_ARC = YES;
				CLANG_ENABLE_OBJC_WEAK = YES;
				CLANG_WARN_BLOCK_CAPTURE_AUTORELEASING = YES;
				CLANG_WARN_BOOL_CONVERSION = YES;
				CLANG_WARN_COMMA = YES;
				CLANG_WARN_CONSTANT_CONVERSION = YES;
				CLANG_WARN_DEPRECATED_OBJC_IMPLEMENTATIONS = YES;
				CLANG_WARN_DIRECT_OBJC_ISA_USAGE = YES_ERROR;
				CLANG_WARN_DOCUMENTATION_COMMENTS = YES;
				CLANG_WARN_EMPTY_BODY = YES;
				CLANG_WARN_ENUM_CONVERSION = YES;
				CLANG_WARN_INFINITE_RECURSION = YES;
				CLANG_WARN_INT_CONVERSION = YES;
				CLANG_WARN_NON_LITERAL_NULL_CONVERSION = YES;
				CLANG_WARN_OBJC_IMPLICIT_RETAIN_SELF = YES;
				CLANG_WARN_OBJC_LITERAL_CONVERSION = YES;
				CLANG_WARN_OBJC_ROOT_CLASS = YES_ERROR;
				CLANG_WARN_RANGE_LOOP_ANALYSIS = YES;
				CLANG_WARN_STRICT_PROTOTYPES = YES;
				CLANG_WARN_SUSPICIOUS_MOVE = YES;
				CLANG_WARN_UNGUARDED_AVAILABILITY = YES_AGGRESSIVE;
				CLANG_WARN_UNREACHABLE_CODE = YES;
				CLANG_WARN__DUPLICATE_METHOD_MATCH = YES;
				COPY_PHASE_STRIP = NO;
				DEBUG_INFORMATION_FORMAT = "dwarf-with-dsym";
				ENABLE_NS_ASSERTIONS = NO;
				ENABLE_STRICT_OBJC_MSGSEND = YES;
				GCC_C_LANGUAGE_STANDARD = gnu11;
				GCC_NO_COMMON_BLOCKS = YES;
				GCC_WARN_64_TO_32_BIT_CONVERSION = YES;
				GCC_WARN_ABOUT_RETURN_TYPE = YES_ERROR;
				GCC_WARN_UNDECLARED_SELECTOR = YES;
				GCC_WARN_UNINITIALIZED_AUTOS = YES_AGGRESSIVE;
				GCC_WARN_UNUSED_FUNCTION = YES;
				GCC_WARN_UNUSED_VARIABLE = YES;
				MACOSX_DEPLOYMENT_TARGET = 10.14;
				MTL_ENABLE_DEBUG_INFO = NO;
				MTL_FAST_MATH = YES;
				SDKROOT = macosx;
				SWIFT_COMPILATION_MODE = wholemodule;
				SWIFT_OPTIMIZATION_LEVEL = "-O";
			};
			name = Release;
		};
		EE29210423AAAF3000F6AB84 /* Debug */ = {
			isa = XCBuildConfiguration;
			buildSettings = {
				ASSETCATALOG_COMPILER_APPICON_NAME = AppIcon;
				CODE_SIGN_ENTITLEMENTS = "Promodo Timer/Promodo_Timer.entitlements";
				CODE_SIGN_STYLE = Automatic;
				COMBINE_HIDPI_IMAGES = YES;
				DEVELOPMENT_TEAM = B3P6L3T55C;
				ENABLE_HARDENED_RUNTIME = YES;
				INFOPLIST_FILE = "Promodo Timer/Info.plist";
				LD_RUNPATH_SEARCH_PATHS = (
					"$(inherited)",
					"@executable_path/../Frameworks",
				);
				PRODUCT_BUNDLE_IDENTIFIER = "mertugrul.Pomodoro-Timer";
				PRODUCT_NAME = "$(TARGET_NAME)";
				SWIFT_VERSION = 5.0;
			};
			name = Debug;
		};
		EE29210523AAAF3000F6AB84 /* Release */ = {
			isa = XCBuildConfiguration;
			buildSettings = {
				ASSETCATALOG_COMPILER_APPICON_NAME = AppIcon;
				CODE_SIGN_ENTITLEMENTS = "Promodo Timer/Promodo_Timer.entitlements";
				CODE_SIGN_STYLE = Automatic;
				COMBINE_HIDPI_IMAGES = YES;
				DEVELOPMENT_TEAM = B3P6L3T55C;
				ENABLE_HARDENED_RUNTIME = YES;
				INFOPLIST_FILE = "Promodo Timer/Info.plist";
				LD_RUNPATH_SEARCH_PATHS = (
					"$(inherited)",
					"@executable_path/../Frameworks",
				);
				PRODUCT_BUNDLE_IDENTIFIER = "mertugrul.Pomodoro-Timer";
				PRODUCT_NAME = "$(TARGET_NAME)";
				SWIFT_VERSION = 5.0;
			};
			name = Release;
		};
/* End XCBuildConfiguration section */

/* Begin XCConfigurationList section */
		EE2920EE23AAAF2F00F6AB84 /* Build configuration list for PBXProject "Pomodoro Timer" */ = {
			isa = XCConfigurationList;
			buildConfigurations = (
				EE29210123AAAF3000F6AB84 /* Debug */,
				EE29210223AAAF3000F6AB84 /* Release */,
			);
			defaultConfigurationIsVisible = 0;
			defaultConfigurationName = Release;
		};
		EE29210323AAAF3000F6AB84 /* Build configuration list for PBXNativeTarget "Pomodoro Timer" */ = {
			isa = XCConfigurationList;
			buildConfigurations = (
				EE29210423AAAF3000F6AB84 /* Debug */,
				EE29210523AAAF3000F6AB84 /* Release */,
			);
			defaultConfigurationIsVisible = 0;
			defaultConfigurationName = Release;
		};
/* End XCConfigurationList section */
	};
	rootObject = EE2920EB23AAAF2F00F6AB84 /* Project object */;
}
